
Microsoft Visual Studio Solution File, Format Version 12.00
# Visual Studio Version 17
VisualStudioVersion = 17.12.35707.178 d17.12
MinimumVisualStudioVersion = 10.0.40219.1
Project("{FAE04EC0-301F-11D3-BF4B-00C04F79EFBC}") = "L01P022023LG651", "L01P022023LG651\L01P022023LG651.csproj", "{C1A0A798-E732-41F5-AE99-93E8F4E986F1}"
EndProject
Global
	GlobalSection(SolutionConfigurationPlatforms) = preSolution
		Debug|Any CPU = Debug|Any CPU
		Release|Any CPU = Release|Any CPU
	EndGlobalSection
	GlobalSection(ProjectConfigurationPlatforms) = postSolution
		{C1A0A798-E732-41F5-AE99-93E8F4E986F1}.Debug|Any CPU.ActiveCfg = Debug|Any CPU
		{C1A0A798-E732-41F5-AE99-93E8F4E986F1}.Debug|Any CPU.Build.0 = Debug|Any CPU
		{C1A0A798-E732-41F5-AE99-93E8F4E986F1}.Release|Any CPU.ActiveCfg = Release|Any CPU
		{C1A0A798-E732-41F5-AE99-93E8F4E986F1}.Release|Any CPU.Build.0 = Release|Any CPU
	EndGlobalSection
	GlobalSection(SolutionProperties) = preSolution
		HideSolutionNode = FALSE
	EndGlobalSection
EndGlobal
